// !$*UTF8*$!
{
	archiveVersion = 1;
	classes = {
	};
	objectVersion = 48;
	objects = {

/* Begin PBXBuildFile section */
		BE0FC0B41FCE3B9300AC2505 /* GroupedView.xib in Resources */ = {isa = PBXBuildFile; fileRef = BE0FC0B31FCE3B9300AC2505 /* GroupedView.xib */; };
		BE0FC0B61FCE3BA000AC2505 /* GroupedViewController.swift in Sources */ = {isa = PBXBuildFile; fileRef = BE0FC0B51FCE3BA000AC2505 /* GroupedViewController.swift */; };
		BE230CE81FCE759F0065192C /* PlaylistCell.xib in Resources */ = {isa = PBXBuildFile; fileRef = BE230CE71FCE759F0065192C /* PlaylistCell.xib */; };
		BE230CEA1FCE7EAB0065192C /* GroupedViewCell.swift in Sources */ = {isa = PBXBuildFile; fileRef = BE230CE91FCE7EAB0065192C /* GroupedViewCell.swift */; };
		BE25226C1FC600B300E6B769 /* Podwise.xcdatamodeld in Sources */ = {isa = PBXBuildFile; fileRef = BE25226A1FC600B300E6B769 /* Podwise.xcdatamodeld */; };
		BE25226F1FC607EB00E6B769 /* CoreDataHelper.swift in Sources */ = {isa = PBXBuildFile; fileRef = BE25226E1FC607EB00E6B769 /* CoreDataHelper.swift */; };
		BE567CFD1FC79E5E001AE46F /* BaseViewController.swift in Sources */ = {isa = PBXBuildFile; fileRef = BE567CFC1FC79E5E001AE46F /* BaseViewController.swift */; };
		BE68537D1FCC8AD600CA32C8 /* PlaylistCreationTableViewController.swift in Sources */ = {isa = PBXBuildFile; fileRef = BE68537C1FCC8AD600CA32C8 /* PlaylistCreationTableViewController.swift */; };
		BE68537F1FCC909800CA32C8 /* PlaylistTitleCell.swift in Sources */ = {isa = PBXBuildFile; fileRef = BE68537E1FCC909800CA32C8 /* PlaylistTitleCell.swift */; };
		BE6853811FCC918900CA32C8 /* PodcastChecklistCell.swift in Sources */ = {isa = PBXBuildFile; fileRef = BE6853801FCC918900CA32C8 /* PodcastChecklistCell.swift */; };
		BE773F861FC61BD00075FB9E /* PlaylistCell.swift in Sources */ = {isa = PBXBuildFile; fileRef = BE773F851FC61BD00075FB9E /* PlaylistCell.swift */; };
		BE8DE4661FC7674D00426F2A /* MiniPlayer.xib in Resources */ = {isa = PBXBuildFile; fileRef = BE8DE4651FC7674D00426F2A /* MiniPlayer.xib */; };
		BE8DE4681FC7678E00426F2A /* MiniPlayerViewController.swift in Sources */ = {isa = PBXBuildFile; fileRef = BE8DE4671FC7678E00426F2A /* MiniPlayerViewController.swift */; };
		BE9CBDF21FC5053600AB9C44 /* EpisodeCell.swift in Sources */ = {isa = PBXBuildFile; fileRef = BE9CBDF11FC5053600AB9C44 /* EpisodeCell.swift */; };
		BEA71A5F1FBF9DDC001B42FC /* PodcastHistoryViewController.swift in Sources */ = {isa = PBXBuildFile; fileRef = BEA71A5E1FBF9DDC001B42FC /* PodcastHistoryViewController.swift */; };
		BEA71A611FBFAE5B001B42FC /* RSSParser.swift in Sources */ = {isa = PBXBuildFile; fileRef = BEA71A601FBFAE5B001B42FC /* RSSParser.swift */; };
		BEA9D3B91FC389EF00A140AC /* Channel.swift in Sources */ = {isa = PBXBuildFile; fileRef = BEA9D3B81FC389EF00A140AC /* Channel.swift */; };
		BEA9D3BB1FC38A0D00A140AC /* Episode.swift in Sources */ = {isa = PBXBuildFile; fileRef = BEA9D3BA1FC38A0D00A140AC /* Episode.swift */; };
		BEB04D171FCF898D0052BCBF /* AddPlaylistCell.swift in Sources */ = {isa = PBXBuildFile; fileRef = BEB04D161FCF898D0052BCBF /* AddPlaylistCell.swift */; };
		BEDFE6441FC6B60A0084D392 /* PodcastListCell.swift in Sources */ = {isa = PBXBuildFile; fileRef = BEDFE6431FC6B60A0084D392 /* PodcastListCell.swift */; };
		BEE0A1371FBE57C200AA111F /* AppDelegate.swift in Sources */ = {isa = PBXBuildFile; fileRef = BEE0A1361FBE57C200AA111F /* AppDelegate.swift */; };
		BEE0A1391FBE57C200AA111F /* PlaylistsViewController.swift in Sources */ = {isa = PBXBuildFile; fileRef = BEE0A1381FBE57C200AA111F /* PlaylistsViewController.swift */; };
		BEE0A13B1FBE57C200AA111F /* PodcastsViewController.swift in Sources */ = {isa = PBXBuildFile; fileRef = BEE0A13A1FBE57C200AA111F /* PodcastsViewController.swift */; };
		BEE0A13E1FBE57C200AA111F /* Main.storyboard in Resources */ = {isa = PBXBuildFile; fileRef = BEE0A13C1FBE57C200AA111F /* Main.storyboard */; };
		BEE0A1401FBE57C200AA111F /* Assets.xcassets in Resources */ = {isa = PBXBuildFile; fileRef = BEE0A13F1FBE57C200AA111F /* Assets.xcassets */; };
		BEE0A1431FBE57C200AA111F /* LaunchScreen.storyboard in Resources */ = {isa = PBXBuildFile; fileRef = BEE0A1411FBE57C200AA111F /* LaunchScreen.storyboard */; };
		BEE0A14E1FBE57C300AA111F /* PodwiseTests.swift in Sources */ = {isa = PBXBuildFile; fileRef = BEE0A14D1FBE57C300AA111F /* PodwiseTests.swift */; };
		BEE0A1591FBE57C300AA111F /* PodwiseUITests.swift in Sources */ = {isa = PBXBuildFile; fileRef = BEE0A1581FBE57C300AA111F /* PodwiseUITests.swift */; };
		BEE0A1681FBE5C6600AA111F /* PodcastCell.swift in Sources */ = {isa = PBXBuildFile; fileRef = BEE0A1671FBE5C6600AA111F /* PodcastCell.swift */; };
		BEE0A16A1FBE5EBA00AA111F /* BrowseViewController.swift in Sources */ = {isa = PBXBuildFile; fileRef = BEE0A1691FBE5EBA00AA111F /* BrowseViewController.swift */; };
		BEE7BA6B1FC77C22005345FB /* EpisodesForPodcastViewController.swift in Sources */ = {isa = PBXBuildFile; fileRef = BEE7BA6A1FC77C22005345FB /* EpisodesForPodcastViewController.swift */; };
/* End PBXBuildFile section */

/* Begin PBXContainerItemProxy section */
		BEE0A14A1FBE57C300AA111F /* PBXContainerItemProxy */ = {
			isa = PBXContainerItemProxy;
			containerPortal = BEE0A12B1FBE57C200AA111F /* Project object */;
			proxyType = 1;
			remoteGlobalIDString = BEE0A1321FBE57C200AA111F;
			remoteInfo = Podwise;
		};
		BEE0A1551FBE57C300AA111F /* PBXContainerItemProxy */ = {
			isa = PBXContainerItemProxy;
			containerPortal = BEE0A12B1FBE57C200AA111F /* Project object */;
			proxyType = 1;
			remoteGlobalIDString = BEE0A1321FBE57C200AA111F;
			remoteInfo = Podwise;
		};
/* End PBXContainerItemProxy section */

/* Begin PBXFileReference section */
		BE0FC0B31FCE3B9300AC2505 /* GroupedView.xib */ = {isa = PBXFileReference; lastKnownFileType = file.xib; path = GroupedView.xib; sourceTree = "<group>"; };
		BE0FC0B51FCE3BA000AC2505 /* GroupedViewController.swift */ = {isa = PBXFileReference; lastKnownFileType = sourcecode.swift; path = GroupedViewController.swift; sourceTree = "<group>"; };
		BE230CE71FCE759F0065192C /* PlaylistCell.xib */ = {isa = PBXFileReference; lastKnownFileType = file.xib; path = PlaylistCell.xib; sourceTree = "<group>"; };
		BE230CE91FCE7EAB0065192C /* GroupedViewCell.swift */ = {isa = PBXFileReference; lastKnownFileType = sourcecode.swift; path = GroupedViewCell.swift; sourceTree = "<group>"; };
		BE25226B1FC600B300E6B769 /* Podwise.xcdatamodel */ = {isa = PBXFileReference; lastKnownFileType = wrapper.xcdatamodel; path = Podwise.xcdatamodel; sourceTree = "<group>"; };
		BE25226E1FC607EB00E6B769 /* CoreDataHelper.swift */ = {isa = PBXFileReference; lastKnownFileType = sourcecode.swift; path = CoreDataHelper.swift; sourceTree = "<group>"; };
		BE567CFC1FC79E5E001AE46F /* BaseViewController.swift */ = {isa = PBXFileReference; lastKnownFileType = sourcecode.swift; path = BaseViewController.swift; sourceTree = "<group>"; };
		BE68537C1FCC8AD600CA32C8 /* PlaylistCreationTableViewController.swift */ = {isa = PBXFileReference; lastKnownFileType = sourcecode.swift; path = PlaylistCreationTableViewController.swift; sourceTree = "<group>"; };
		BE68537E1FCC909800CA32C8 /* PlaylistTitleCell.swift */ = {isa = PBXFileReference; lastKnownFileType = sourcecode.swift; path = PlaylistTitleCell.swift; sourceTree = "<group>"; };
		BE6853801FCC918900CA32C8 /* PodcastChecklistCell.swift */ = {isa = PBXFileReference; lastKnownFileType = sourcecode.swift; path = PodcastChecklistCell.swift; sourceTree = "<group>"; };
		BE773F851FC61BD00075FB9E /* PlaylistCell.swift */ = {isa = PBXFileReference; lastKnownFileType = sourcecode.swift; path = PlaylistCell.swift; sourceTree = "<group>"; };
		BE8DE4651FC7674D00426F2A /* MiniPlayer.xib */ = {isa = PBXFileReference; lastKnownFileType = file.xib; path = MiniPlayer.xib; sourceTree = "<group>"; };
		BE8DE4671FC7678E00426F2A /* MiniPlayerViewController.swift */ = {isa = PBXFileReference; lastKnownFileType = sourcecode.swift; path = MiniPlayerViewController.swift; sourceTree = "<group>"; };
		BE9CBDF11FC5053600AB9C44 /* EpisodeCell.swift */ = {isa = PBXFileReference; lastKnownFileType = sourcecode.swift; path = EpisodeCell.swift; sourceTree = "<group>"; };
		BEA71A5E1FBF9DDC001B42FC /* PodcastHistoryViewController.swift */ = {isa = PBXFileReference; lastKnownFileType = sourcecode.swift; path = PodcastHistoryViewController.swift; sourceTree = "<group>"; };
		BEA71A601FBFAE5B001B42FC /* RSSParser.swift */ = {isa = PBXFileReference; lastKnownFileType = sourcecode.swift; path = RSSParser.swift; sourceTree = "<group>"; };
		BEA9D3B81FC389EF00A140AC /* Channel.swift */ = {isa = PBXFileReference; lastKnownFileType = sourcecode.swift; path = Channel.swift; sourceTree = "<group>"; };
		BEA9D3BA1FC38A0D00A140AC /* Episode.swift */ = {isa = PBXFileReference; lastKnownFileType = sourcecode.swift; path = Episode.swift; sourceTree = "<group>"; };
		BEB04D161FCF898D0052BCBF /* AddPlaylistCell.swift */ = {isa = PBXFileReference; lastKnownFileType = sourcecode.swift; path = AddPlaylistCell.swift; sourceTree = "<group>"; };
		BED4B0111FCBDA0C00B818A9 /* Podwise.entitlements */ = {isa = PBXFileReference; lastKnownFileType = text.plist.entitlements; path = Podwise.entitlements; sourceTree = "<group>"; };
		BEDFE6431FC6B60A0084D392 /* PodcastListCell.swift */ = {isa = PBXFileReference; lastKnownFileType = sourcecode.swift; path = PodcastListCell.swift; sourceTree = "<group>"; };
		BEE0A1331FBE57C200AA111F /* Podwise.app */ = {isa = PBXFileReference; explicitFileType = wrapper.application; includeInIndex = 0; path = Podwise.app; sourceTree = BUILT_PRODUCTS_DIR; };
		BEE0A1361FBE57C200AA111F /* AppDelegate.swift */ = {isa = PBXFileReference; lastKnownFileType = sourcecode.swift; path = AppDelegate.swift; sourceTree = "<group>"; };
		BEE0A1381FBE57C200AA111F /* PlaylistsViewController.swift */ = {isa = PBXFileReference; lastKnownFileType = sourcecode.swift; path = PlaylistsViewController.swift; sourceTree = "<group>"; };
		BEE0A13A1FBE57C200AA111F /* PodcastsViewController.swift */ = {isa = PBXFileReference; lastKnownFileType = sourcecode.swift; path = PodcastsViewController.swift; sourceTree = "<group>"; };
		BEE0A13D1FBE57C200AA111F /* Base */ = {isa = PBXFileReference; lastKnownFileType = file.storyboard; name = Base; path = Base.lproj/Main.storyboard; sourceTree = "<group>"; };
		BEE0A13F1FBE57C200AA111F /* Assets.xcassets */ = {isa = PBXFileReference; lastKnownFileType = folder.assetcatalog; path = Assets.xcassets; sourceTree = "<group>"; };
		BEE0A1421FBE57C200AA111F /* Base */ = {isa = PBXFileReference; lastKnownFileType = file.storyboard; name = Base; path = Base.lproj/LaunchScreen.storyboard; sourceTree = "<group>"; };
		BEE0A1441FBE57C200AA111F /* Info.plist */ = {isa = PBXFileReference; lastKnownFileType = text.plist.xml; path = Info.plist; sourceTree = "<group>"; };
		BEE0A1491FBE57C300AA111F /* PodwiseTests.xctest */ = {isa = PBXFileReference; explicitFileType = wrapper.cfbundle; includeInIndex = 0; path = PodwiseTests.xctest; sourceTree = BUILT_PRODUCTS_DIR; };
		BEE0A14D1FBE57C300AA111F /* PodwiseTests.swift */ = {isa = PBXFileReference; lastKnownFileType = sourcecode.swift; path = PodwiseTests.swift; sourceTree = "<group>"; };
		BEE0A14F1FBE57C300AA111F /* Info.plist */ = {isa = PBXFileReference; lastKnownFileType = text.plist.xml; path = Info.plist; sourceTree = "<group>"; };
		BEE0A1541FBE57C300AA111F /* PodwiseUITests.xctest */ = {isa = PBXFileReference; explicitFileType = wrapper.cfbundle; includeInIndex = 0; path = PodwiseUITests.xctest; sourceTree = BUILT_PRODUCTS_DIR; };
		BEE0A1581FBE57C300AA111F /* PodwiseUITests.swift */ = {isa = PBXFileReference; lastKnownFileType = sourcecode.swift; path = PodwiseUITests.swift; sourceTree = "<group>"; };
		BEE0A15A1FBE57C300AA111F /* Info.plist */ = {isa = PBXFileReference; lastKnownFileType = text.plist.xml; path = Info.plist; sourceTree = "<group>"; };
		BEE0A1671FBE5C6600AA111F /* PodcastCell.swift */ = {isa = PBXFileReference; lastKnownFileType = sourcecode.swift; path = PodcastCell.swift; sourceTree = "<group>"; };
		BEE0A1691FBE5EBA00AA111F /* BrowseViewController.swift */ = {isa = PBXFileReference; lastKnownFileType = sourcecode.swift; path = BrowseViewController.swift; sourceTree = "<group>"; };
		BEE7BA6A1FC77C22005345FB /* EpisodesForPodcastViewController.swift */ = {isa = PBXFileReference; lastKnownFileType = sourcecode.swift; path = EpisodesForPodcastViewController.swift; sourceTree = "<group>"; };
/* End PBXFileReference section */

/* Begin PBXFrameworksBuildPhase section */
		BEE0A1301FBE57C200AA111F /* Frameworks */ = {
			isa = PBXFrameworksBuildPhase;
			buildActionMask = 2147483647;
			files = (
			);
			runOnlyForDeploymentPostprocessing = 0;
		};
		BEE0A1461FBE57C300AA111F /* Frameworks */ = {
			isa = PBXFrameworksBuildPhase;
			buildActionMask = 2147483647;
			files = (
			);
			runOnlyForDeploymentPostprocessing = 0;
		};
		BEE0A1511FBE57C300AA111F /* Frameworks */ = {
			isa = PBXFrameworksBuildPhase;
			buildActionMask = 2147483647;
			files = (
			);
			runOnlyForDeploymentPostprocessing = 0;
		};
/* End PBXFrameworksBuildPhase section */

/* Begin PBXGroup section */
		BE0FC0B21FCE3B2500AC2505 /* GroupedView */ = {
			isa = PBXGroup;
			children = (
				BE0FC0B31FCE3B9300AC2505 /* GroupedView.xib */,
				BE0FC0B51FCE3BA000AC2505 /* GroupedViewController.swift */,
			);
			path = GroupedView;
			sourceTree = "<group>";
		};
		BE25226D1FC607D900E6B769 /* DataHelpers */ = {
			isa = PBXGroup;
			children = (
				BE25226E1FC607EB00E6B769 /* CoreDataHelper.swift */,
			);
			path = DataHelpers;
			sourceTree = "<group>";
		};
		BE8DE4691FC7679C00426F2A /* MiniPlayer */ = {
			isa = PBXGroup;
			children = (
				BE8DE4651FC7674D00426F2A /* MiniPlayer.xib */,
				BE8DE4671FC7678E00426F2A /* MiniPlayerViewController.swift */,
			);
			path = MiniPlayer;
			sourceTree = "<group>";
		};
		BEA9D3B71FC389BC00A140AC /* Classes */ = {
			isa = PBXGroup;
			children = (
				BEA9D3B81FC389EF00A140AC /* Channel.swift */,
				BEA9D3BA1FC38A0D00A140AC /* Episode.swift */,
			);
			path = Classes;
			sourceTree = "<group>";
		};
		BEE0A12A1FBE57C200AA111F = {
			isa = PBXGroup;
			children = (
				BEE0A1351FBE57C200AA111F /* Podwise */,
				BEE0A14C1FBE57C300AA111F /* PodwiseTests */,
				BEE0A1571FBE57C300AA111F /* PodwiseUITests */,
				BEE0A1341FBE57C200AA111F /* Products */,
			);
			sourceTree = "<group>";
		};
		BEE0A1341FBE57C200AA111F /* Products */ = {
			isa = PBXGroup;
			children = (
				BEE0A1331FBE57C200AA111F /* Podwise.app */,
				BEE0A1491FBE57C300AA111F /* PodwiseTests.xctest */,
				BEE0A1541FBE57C300AA111F /* PodwiseUITests.xctest */,
			);
			name = Products;
			sourceTree = "<group>";
		};
		BEE0A1351FBE57C200AA111F /* Podwise */ = {
			isa = PBXGroup;
			children = (
				BED4B0111FCBDA0C00B818A9 /* Podwise.entitlements */,
				BE567CFC1FC79E5E001AE46F /* BaseViewController.swift */,
				BE0FC0B21FCE3B2500AC2505 /* GroupedView */,
				BE8DE4691FC7679C00426F2A /* MiniPlayer */,
				BE25226D1FC607D900E6B769 /* DataHelpers */,
				BEA9D3B71FC389BC00A140AC /* Classes */,
				BEE0A1661FBE5C2E00AA111F /* Cells */,
				BEE0A1361FBE57C200AA111F /* AppDelegate.swift */,
				BEE0A1381FBE57C200AA111F /* PlaylistsViewController.swift */,
				BEE0A13A1FBE57C200AA111F /* PodcastsViewController.swift */,
				BEE7BA6A1FC77C22005345FB /* EpisodesForPodcastViewController.swift */,
				BEE0A1691FBE5EBA00AA111F /* BrowseViewController.swift */,
				BEA71A5E1FBF9DDC001B42FC /* PodcastHistoryViewController.swift */,
				BEE0A13C1FBE57C200AA111F /* Main.storyboard */,
				BEE0A13F1FBE57C200AA111F /* Assets.xcassets */,
				BEE0A1411FBE57C200AA111F /* LaunchScreen.storyboard */,
				BEE0A1441FBE57C200AA111F /* Info.plist */,
				BEA71A601FBFAE5B001B42FC /* RSSParser.swift */,
				BE25226A1FC600B300E6B769 /* Podwise.xcdatamodeld */,
				BE68537C1FCC8AD600CA32C8 /* PlaylistCreationTableViewController.swift */,
			);
			path = Podwise;
			sourceTree = "<group>";
		};
		BEE0A14C1FBE57C300AA111F /* PodwiseTests */ = {
			isa = PBXGroup;
			children = (
				BEE0A14D1FBE57C300AA111F /* PodwiseTests.swift */,
				BEE0A14F1FBE57C300AA111F /* Info.plist */,
			);
			path = PodwiseTests;
			sourceTree = "<group>";
		};
		BEE0A1571FBE57C300AA111F /* PodwiseUITests */ = {
			isa = PBXGroup;
			children = (
				BEE0A1581FBE57C300AA111F /* PodwiseUITests.swift */,
				BEE0A15A1FBE57C300AA111F /* Info.plist */,
			);
			path = PodwiseUITests;
			sourceTree = "<group>";
		};
		BEE0A1661FBE5C2E00AA111F /* Cells */ = {
			isa = PBXGroup;
			children = (
				BEE0A1671FBE5C6600AA111F /* PodcastCell.swift */,
				BE9CBDF11FC5053600AB9C44 /* EpisodeCell.swift */,
				BE773F851FC61BD00075FB9E /* PlaylistCell.swift */,
				BEDFE6431FC6B60A0084D392 /* PodcastListCell.swift */,
				BE68537E1FCC909800CA32C8 /* PlaylistTitleCell.swift */,
				BE6853801FCC918900CA32C8 /* PodcastChecklistCell.swift */,
				BE230CE71FCE759F0065192C /* PlaylistCell.xib */,
				BE230CE91FCE7EAB0065192C /* GroupedViewCell.swift */,
				BEB04D161FCF898D0052BCBF /* AddPlaylistCell.swift */,
			);
			path = Cells;
			sourceTree = "<group>";
		};
/* End PBXGroup section */

/* Begin PBXNativeTarget section */
		BEE0A1321FBE57C200AA111F /* Podwise */ = {
			isa = PBXNativeTarget;
			buildConfigurationList = BEE0A15D1FBE57C300AA111F /* Build configuration list for PBXNativeTarget "Podwise" */;
			buildPhases = (
				BEE0A12F1FBE57C200AA111F /* Sources */,
				BEE0A1301FBE57C200AA111F /* Frameworks */,
				BEE0A1311FBE57C200AA111F /* Resources */,
			);
			buildRules = (
			);
			dependencies = (
			);
			name = Podwise;
			productName = Podwise;
			productReference = BEE0A1331FBE57C200AA111F /* Podwise.app */;
			productType = "com.apple.product-type.application";
		};
		BEE0A1481FBE57C300AA111F /* PodwiseTests */ = {
			isa = PBXNativeTarget;
			buildConfigurationList = BEE0A1601FBE57C300AA111F /* Build configuration list for PBXNativeTarget "PodwiseTests" */;
			buildPhases = (
				BEE0A1451FBE57C300AA111F /* Sources */,
				BEE0A1461FBE57C300AA111F /* Frameworks */,
				BEE0A1471FBE57C300AA111F /* Resources */,
			);
			buildRules = (
			);
			dependencies = (
				BEE0A14B1FBE57C300AA111F /* PBXTargetDependency */,
			);
			name = PodwiseTests;
			productName = PodwiseTests;
			productReference = BEE0A1491FBE57C300AA111F /* PodwiseTests.xctest */;
			productType = "com.apple.product-type.bundle.unit-test";
		};
		BEE0A1531FBE57C300AA111F /* PodwiseUITests */ = {
			isa = PBXNativeTarget;
			buildConfigurationList = BEE0A1631FBE57C300AA111F /* Build configuration list for PBXNativeTarget "PodwiseUITests" */;
			buildPhases = (
				BEE0A1501FBE57C300AA111F /* Sources */,
				BEE0A1511FBE57C300AA111F /* Frameworks */,
				BEE0A1521FBE57C300AA111F /* Resources */,
			);
			buildRules = (
			);
			dependencies = (
				BEE0A1561FBE57C300AA111F /* PBXTargetDependency */,
			);
			name = PodwiseUITests;
			productName = PodwiseUITests;
			productReference = BEE0A1541FBE57C300AA111F /* PodwiseUITests.xctest */;
			productType = "com.apple.product-type.bundle.ui-testing";
		};
/* End PBXNativeTarget section */

/* Begin PBXProject section */
		BEE0A12B1FBE57C200AA111F /* Project object */ = {
			isa = PBXProject;
			attributes = {
				LastSwiftUpdateCheck = 0910;
				LastUpgradeCheck = 0910;
				ORGANIZATIONNAME = "Jeff Chimney";
				TargetAttributes = {
					BEE0A1321FBE57C200AA111F = {
						CreatedOnToolsVersion = 9.1;
						ProvisioningStyle = Automatic;
						SystemCapabilities = {
							com.apple.BackgroundModes = {
								enabled = 1;
							};
							com.apple.Push = {
								enabled = 1;
							};
						};
					};
					BEE0A1481FBE57C300AA111F = {
						CreatedOnToolsVersion = 9.1;
						ProvisioningStyle = Automatic;
						TestTargetID = BEE0A1321FBE57C200AA111F;
					};
					BEE0A1531FBE57C300AA111F = {
						CreatedOnToolsVersion = 9.1;
						ProvisioningStyle = Automatic;
						TestTargetID = BEE0A1321FBE57C200AA111F;
					};
				};
			};
			buildConfigurationList = BEE0A12E1FBE57C200AA111F /* Build configuration list for PBXProject "Podwise" */;
			compatibilityVersion = "Xcode 8.0";
			developmentRegion = en;
			hasScannedForEncodings = 0;
			knownRegions = (
				en,
				Base,
			);
			mainGroup = BEE0A12A1FBE57C200AA111F;
			productRefGroup = BEE0A1341FBE57C200AA111F /* Products */;
			projectDirPath = "";
			projectRoot = "";
			targets = (
				BEE0A1321FBE57C200AA111F /* Podwise */,
				BEE0A1481FBE57C300AA111F /* PodwiseTests */,
				BEE0A1531FBE57C300AA111F /* PodwiseUITests */,
			);
		};
/* End PBXProject section */

/* Begin PBXResourcesBuildPhase section */
		BEE0A1311FBE57C200AA111F /* Resources */ = {
			isa = PBXResourcesBuildPhase;
			buildActionMask = 2147483647;
			files = (
				BEE0A1431FBE57C200AA111F /* LaunchScreen.storyboard in Resources */,
				BE8DE4661FC7674D00426F2A /* MiniPlayer.xib in Resources */,
				BEE0A1401FBE57C200AA111F /* Assets.xcassets in Resources */,
				BE230CE81FCE759F0065192C /* PlaylistCell.xib in Resources */,
				BE0FC0B41FCE3B9300AC2505 /* GroupedView.xib in Resources */,
				BEE0A13E1FBE57C200AA111F /* Main.storyboard in Resources */,
			);
			runOnlyForDeploymentPostprocessing = 0;
		};
		BEE0A1471FBE57C300AA111F /* Resources */ = {
			isa = PBXResourcesBuildPhase;
			buildActionMask = 2147483647;
			files = (
			);
			runOnlyForDeploymentPostprocessing = 0;
		};
		BEE0A1521FBE57C300AA111F /* Resources */ = {
			isa = PBXResourcesBuildPhase;
			buildActionMask = 2147483647;
			files = (
			);
			runOnlyForDeploymentPostprocessing = 0;
		};
/* End PBXResourcesBuildPhase section */

/* Begin PBXSourcesBuildPhase section */
		BEE0A12F1FBE57C200AA111F /* Sources */ = {
			isa = PBXSourcesBuildPhase;
			buildActionMask = 2147483647;
			files = (
				BE68537F1FCC909800CA32C8 /* PlaylistTitleCell.swift in Sources */,
				BEE0A13B1FBE57C200AA111F /* PodcastsViewController.swift in Sources */,
				BE0FC0B61FCE3BA000AC2505 /* GroupedViewController.swift in Sources */,
				BEE7BA6B1FC77C22005345FB /* EpisodesForPodcastViewController.swift in Sources */,
				BEA9D3B91FC389EF00A140AC /* Channel.swift in Sources */,
				BEE0A1371FBE57C200AA111F /* AppDelegate.swift in Sources */,
				BE6853811FCC918900CA32C8 /* PodcastChecklistCell.swift in Sources */,
				BE68537D1FCC8AD600CA32C8 /* PlaylistCreationTableViewController.swift in Sources */,
				BEA71A5F1FBF9DDC001B42FC /* PodcastHistoryViewController.swift in Sources */,
				BEE0A1681FBE5C6600AA111F /* PodcastCell.swift in Sources */,
				BE9CBDF21FC5053600AB9C44 /* EpisodeCell.swift in Sources */,
				BEB04D171FCF898D0052BCBF /* AddPlaylistCell.swift in Sources */,
				BE230CEA1FCE7EAB0065192C /* GroupedViewCell.swift in Sources */,
				BE567CFD1FC79E5E001AE46F /* BaseViewController.swift in Sources */,
				BE25226F1FC607EB00E6B769 /* CoreDataHelper.swift in Sources */,
				BEE0A1391FBE57C200AA111F /* PlaylistsViewController.swift in Sources */,
				BE8DE4681FC7678E00426F2A /* MiniPlayerViewController.swift in Sources */,
				BEDFE6441FC6B60A0084D392 /* PodcastListCell.swift in Sources */,
				BEA71A611FBFAE5B001B42FC /* RSSParser.swift in Sources */,
				BEA9D3BB1FC38A0D00A140AC /* Episode.swift in Sources */,
				BE25226C1FC600B300E6B769 /* Podwise.xcdatamodeld in Sources */,
				BE773F861FC61BD00075FB9E /* PlaylistCell.swift in Sources */,
				BEE0A16A1FBE5EBA00AA111F /* BrowseViewController.swift in Sources */,
			);
			runOnlyForDeploymentPostprocessing = 0;
		};
		BEE0A1451FBE57C300AA111F /* Sources */ = {
			isa = PBXSourcesBuildPhase;
			buildActionMask = 2147483647;
			files = (
				BEE0A14E1FBE57C300AA111F /* PodwiseTests.swift in Sources */,
			);
			runOnlyForDeploymentPostprocessing = 0;
		};
		BEE0A1501FBE57C300AA111F /* Sources */ = {
			isa = PBXSourcesBuildPhase;
			buildActionMask = 2147483647;
			files = (
				BEE0A1591FBE57C300AA111F /* PodwiseUITests.swift in Sources */,
			);
			runOnlyForDeploymentPostprocessing = 0;
		};
/* End PBXSourcesBuildPhase section */

/* Begin PBXTargetDependency section */
		BEE0A14B1FBE57C300AA111F /* PBXTargetDependency */ = {
			isa = PBXTargetDependency;
			target = BEE0A1321FBE57C200AA111F /* Podwise */;
			targetProxy = BEE0A14A1FBE57C300AA111F /* PBXContainerItemProxy */;
		};
		BEE0A1561FBE57C300AA111F /* PBXTargetDependency */ = {
			isa = PBXTargetDependency;
			target = BEE0A1321FBE57C200AA111F /* Podwise */;
			targetProxy = BEE0A1551FBE57C300AA111F /* PBXContainerItemProxy */;
		};
/* End PBXTargetDependency section */

/* Begin PBXVariantGroup section */
		BEE0A13C1FBE57C200AA111F /* Main.storyboard */ = {
			isa = PBXVariantGroup;
			children = (
				BEE0A13D1FBE57C200AA111F /* Base */,
			);
			name = Main.storyboard;
			sourceTree = "<group>";
		};
		BEE0A1411FBE57C200AA111F /* LaunchScreen.storyboard */ = {
			isa = PBXVariantGroup;
			children = (
				BEE0A1421FBE57C200AA111F /* Base */,
			);
			name = LaunchScreen.storyboard;
			sourceTree = "<group>";
		};
/* End PBXVariantGroup section */

/* Begin XCBuildConfiguration section */
		BEE0A15B1FBE57C300AA111F /* Debug */ = {
			isa = XCBuildConfiguration;
			buildSettings = {
				ALWAYS_SEARCH_USER_PATHS = NO;
				CLANG_ANALYZER_NONNULL = YES;
				CLANG_ANALYZER_NUMBER_OBJECT_CONVERSION = YES_AGGRESSIVE;
				CLANG_CXX_LANGUAGE_STANDARD = "gnu++14";
				CLANG_CXX_LIBRARY = "libc++";
				CLANG_ENABLE_MODULES = YES;
				CLANG_ENABLE_OBJC_ARC = YES;
				CLANG_WARN_BLOCK_CAPTURE_AUTORELEASING = YES;
				CLANG_WARN_BOOL_CONVERSION = YES;
				CLANG_WARN_COMMA = YES;
				CLANG_WARN_CONSTANT_CONVERSION = YES;
				CLANG_WARN_DIRECT_OBJC_ISA_USAGE = YES_ERROR;
				CLANG_WARN_DOCUMENTATION_COMMENTS = YES;
				CLANG_WARN_EMPTY_BODY = YES;
				CLANG_WARN_ENUM_CONVERSION = YES;
				CLANG_WARN_INFINITE_RECURSION = YES;
				CLANG_WARN_INT_CONVERSION = YES;
				CLANG_WARN_NON_LITERAL_NULL_CONVERSION = YES;
				CLANG_WARN_OBJC_LITERAL_CONVERSION = YES;
				CLANG_WARN_OBJC_ROOT_CLASS = YES_ERROR;
				CLANG_WARN_RANGE_LOOP_ANALYSIS = YES;
				CLANG_WARN_STRICT_PROTOTYPES = YES;
				CLANG_WARN_SUSPICIOUS_MOVE = YES;
				CLANG_WARN_UNGUARDED_AVAILABILITY = YES_AGGRESSIVE;
				CLANG_WARN_UNREACHABLE_CODE = YES;
				CLANG_WARN__DUPLICATE_METHOD_MATCH = YES;
				CODE_SIGN_IDENTITY = "iPhone Developer";
				COPY_PHASE_STRIP = NO;
				DEBUG_INFORMATION_FORMAT = dwarf;
				ENABLE_STRICT_OBJC_MSGSEND = YES;
				ENABLE_TESTABILITY = YES;
				GCC_C_LANGUAGE_STANDARD = gnu11;
				GCC_DYNAMIC_NO_PIC = NO;
				GCC_NO_COMMON_BLOCKS = YES;
				GCC_OPTIMIZATION_LEVEL = 0;
				GCC_PREPROCESSOR_DEFINITIONS = (
					"DEBUG=1",
					"$(inherited)",
				);
				GCC_WARN_64_TO_32_BIT_CONVERSION = YES;
				GCC_WARN_ABOUT_RETURN_TYPE = YES_ERROR;
				GCC_WARN_UNDECLARED_SELECTOR = YES;
				GCC_WARN_UNINITIALIZED_AUTOS = YES_AGGRESSIVE;
				GCC_WARN_UNUSED_FUNCTION = YES;
				GCC_WARN_UNUSED_VARIABLE = YES;
				IPHONEOS_DEPLOYMENT_TARGET = 11.1;
				MTL_ENABLE_DEBUG_INFO = YES;
				ONLY_ACTIVE_ARCH = YES;
				SDKROOT = iphoneos;
				SWIFT_ACTIVE_COMPILATION_CONDITIONS = DEBUG;
				SWIFT_OPTIMIZATION_LEVEL = "-Onone";
			};
			name = Debug;
		};
		BEE0A15C1FBE57C300AA111F /* Release */ = {
			isa = XCBuildConfiguration;
			buildSettings = {
				ALWAYS_SEARCH_USER_PATHS = NO;
				CLANG_ANALYZER_NONNULL = YES;
				CLANG_ANALYZER_NUMBER_OBJECT_CONVERSION = YES_AGGRESSIVE;
				CLANG_CXX_LANGUAGE_STANDARD = "gnu++14";
				CLANG_CXX_LIBRARY = "libc++";
				CLANG_ENABLE_MODULES = YES;
				CLANG_ENABLE_OBJC_ARC = YES;
				CLANG_WARN_BLOCK_CAPTURE_AUTORELEASING = YES;
				CLANG_WARN_BOOL_CONVERSION = YES;
				CLANG_WARN_COMMA = YES;
				CLANG_WARN_CONSTANT_CONVERSION = YES;
				CLANG_WARN_DIRECT_OBJC_ISA_USAGE = YES_ERROR;
				CLANG_WARN_DOCUMENTATION_COMMENTS = YES;
				CLANG_WARN_EMPTY_BODY = YES;
				CLANG_WARN_ENUM_CONVERSION = YES;
				CLANG_WARN_INFINITE_RECURSION = YES;
				CLANG_WARN_INT_CONVERSION = YES;
				CLANG_WARN_NON_LITERAL_NULL_CONVERSION = YES;
				CLANG_WARN_OBJC_LITERAL_CONVERSION = YES;
				CLANG_WARN_OBJC_ROOT_CLASS = YES_ERROR;
				CLANG_WARN_RANGE_LOOP_ANALYSIS = YES;
				CLANG_WARN_STRICT_PROTOTYPES = YES;
				CLANG_WARN_SUSPICIOUS_MOVE = YES;
				CLANG_WARN_UNGUARDED_AVAILABILITY = YES_AGGRESSIVE;
				CLANG_WARN_UNREACHABLE_CODE = YES;
				CLANG_WARN__DUPLICATE_METHOD_MATCH = YES;
				CODE_SIGN_IDENTITY = "iPhone Developer";
				COPY_PHASE_STRIP = NO;
				DEBUG_INFORMATION_FORMAT = "dwarf-with-dsym";
				ENABLE_NS_ASSERTIONS = NO;
				ENABLE_STRICT_OBJC_MSGSEND = YES;
				GCC_C_LANGUAGE_STANDARD = gnu11;
				GCC_NO_COMMON_BLOCKS = YES;
				GCC_WARN_64_TO_32_BIT_CONVERSION = YES;
				GCC_WARN_ABOUT_RETURN_TYPE = YES_ERROR;
				GCC_WARN_UNDECLARED_SELECTOR = YES;
				GCC_WARN_UNINITIALIZED_AUTOS = YES_AGGRESSIVE;
				GCC_WARN_UNUSED_FUNCTION = YES;
				GCC_WARN_UNUSED_VARIABLE = YES;
				IPHONEOS_DEPLOYMENT_TARGET = 11.1;
				MTL_ENABLE_DEBUG_INFO = NO;
				SDKROOT = iphoneos;
				SWIFT_OPTIMIZATION_LEVEL = "-Owholemodule";
				VALIDATE_PRODUCT = YES;
			};
			name = Release;
		};
		BEE0A15E1FBE57C300AA111F /* Debug */ = {
			isa = XCBuildConfiguration;
			buildSettings = {
				ASSETCATALOG_COMPILER_APPICON_NAME = AppIcon;
				CODE_SIGN_ENTITLEMENTS = Podwise/Podwise.entitlements;
				CODE_SIGN_STYLE = Automatic;
				DEVELOPMENT_TEAM = JSZY8AYXNH;
				INFOPLIST_FILE = Podwise/Info.plist;
				LD_RUNPATH_SEARCH_PATHS = "$(inherited) @executable_path/Frameworks";
				PRODUCT_BUNDLE_IDENTIFIER = com.JeffsApps.Podwise;
				PRODUCT_NAME = "$(TARGET_NAME)";
				SWIFT_VERSION = 4.0;
				TARGETED_DEVICE_FAMILY = "1,2";
			};
			name = Debug;
		};
		BEE0A15F1FBE57C300AA111F /* Release */ = {
			isa = XCBuildConfiguration;
			buildSettings = {
				ASSETCATALOG_COMPILER_APPICON_NAME = AppIcon;
				CODE_SIGN_ENTITLEMENTS = Podwise/Podwise.entitlements;
				CODE_SIGN_STYLE = Automatic;
				DEVELOPMENT_TEAM = JSZY8AYXNH;
				INFOPLIST_FILE = Podwise/Info.plist;
				LD_RUNPATH_SEARCH_PATHS = "$(inherited) @executable_path/Frameworks";
				PRODUCT_BUNDLE_IDENTIFIER = com.JeffsApps.Podwise;
				PRODUCT_NAME = "$(TARGET_NAME)";
				SWIFT_VERSION = 4.0;
				TARGETED_DEVICE_FAMILY = "1,2";
			};
			name = Release;
		};
		BEE0A1611FBE57C300AA111F /* Debug */ = {
			isa = XCBuildConfiguration;
			buildSettings = {
				ALWAYS_EMBED_SWIFT_STANDARD_LIBRARIES = YES;
				BUNDLE_LOADER = "$(TEST_HOST)";
				CODE_SIGN_STYLE = Automatic;
				DEVELOPMENT_TEAM = JSZY8AYXNH;
				INFOPLIST_FILE = PodwiseTests/Info.plist;
				LD_RUNPATH_SEARCH_PATHS = "$(inherited) @executable_path/Frameworks @loader_path/Frameworks";
				PRODUCT_BUNDLE_IDENTIFIER = com.JeffsApps.PodwiseTests;
				PRODUCT_NAME = "$(TARGET_NAME)";
				SWIFT_VERSION = 4.0;
				TARGETED_DEVICE_FAMILY = "1,2";
				TEST_HOST = "$(BUILT_PRODUCTS_DIR)/Podwise.app/Podwise";
			};
			name = Debug;
		};
		BEE0A1621FBE57C300AA111F /* Release */ = {
			isa = XCBuildConfiguration;
			buildSettings = {
				ALWAYS_EMBED_SWIFT_STANDARD_LIBRARIES = YES;
				BUNDLE_LOADER = "$(TEST_HOST)";
				CODE_SIGN_STYLE = Automatic;
				DEVELOPMENT_TEAM = JSZY8AYXNH;
				INFOPLIST_FILE = PodwiseTests/Info.plist;
				LD_RUNPATH_SEARCH_PATHS = "$(inherited) @executable_path/Frameworks @loader_path/Frameworks";
				PRODUCT_BUNDLE_IDENTIFIER = com.JeffsApps.PodwiseTests;
				PRODUCT_NAME = "$(TARGET_NAME)";
				SWIFT_VERSION = 4.0;
				TARGETED_DEVICE_FAMILY = "1,2";
				TEST_HOST = "$(BUILT_PRODUCTS_DIR)/Podwise.app/Podwise";
			};
			name = Release;
		};
		BEE0A1641FBE57C300AA111F /* Debug */ = {
			isa = XCBuildConfiguration;
			buildSettings = {
				ALWAYS_EMBED_SWIFT_STANDARD_LIBRARIES = YES;
				CODE_SIGN_STYLE = Automatic;
				DEVELOPMENT_TEAM = JSZY8AYXNH;
				INFOPLIST_FILE = PodwiseUITests/Info.plist;
				LD_RUNPATH_SEARCH_PATHS = "$(inherited) @executable_path/Frameworks @loader_path/Frameworks";
				PRODUCT_BUNDLE_IDENTIFIER = com.JeffsApps.PodwiseUITests;
				PRODUCT_NAME = "$(TARGET_NAME)";
				SWIFT_VERSION = 4.0;
				TARGETED_DEVICE_FAMILY = "1,2";
				TEST_TARGET_NAME = Podwise;
			};
			name = Debug;
		};
		BEE0A1651FBE57C300AA111F /* Release */ = {
			isa = XCBuildConfiguration;
			buildSettings = {
				ALWAYS_EMBED_SWIFT_STANDARD_LIBRARIES = YES;
				CODE_SIGN_STYLE = Automatic;
				DEVELOPMENT_TEAM = JSZY8AYXNH;
				INFOPLIST_FILE = PodwiseUITests/Info.plist;
				LD_RUNPATH_SEARCH_PATHS = "$(inherited) @executable_path/Frameworks @loader_path/Frameworks";
				PRODUCT_BUNDLE_IDENTIFIER = com.JeffsApps.PodwiseUITests;
				PRODUCT_NAME = "$(TARGET_NAME)";
				SWIFT_VERSION = 4.0;
				TARGETED_DEVICE_FAMILY = "1,2";
				TEST_TARGET_NAME = Podwise;
			};
			name = Release;
		};
/* End XCBuildConfiguration section */

/* Begin XCConfigurationList section */
		BEE0A12E1FBE57C200AA111F /* Build configuration list for PBXProject "Podwise" */ = {
			isa = XCConfigurationList;
			buildConfigurations = (
				BEE0A15B1FBE57C300AA111F /* Debug */,
				BEE0A15C1FBE57C300AA111F /* Release */,
			);
			defaultConfigurationIsVisible = 0;
			defaultConfigurationName = Release;
		};
		BEE0A15D1FBE57C300AA111F /* Build configuration list for PBXNativeTarget "Podwise" */ = {
			isa = XCConfigurationList;
			buildConfigurations = (
				BEE0A15E1FBE57C300AA111F /* Debug */,
				BEE0A15F1FBE57C300AA111F /* Release */,
			);
			defaultConfigurationIsVisible = 0;
			defaultConfigurationName = Release;
		};
		BEE0A1601FBE57C300AA111F /* Build configuration list for PBXNativeTarget "PodwiseTests" */ = {
			isa = XCConfigurationList;
			buildConfigurations = (
				BEE0A1611FBE57C300AA111F /* Debug */,
				BEE0A1621FBE57C300AA111F /* Release */,
			);
			defaultConfigurationIsVisible = 0;
			defaultConfigurationName = Release;
		};
		BEE0A1631FBE57C300AA111F /* Build configuration list for PBXNativeTarget "PodwiseUITests" */ = {
			isa = XCConfigurationList;
			buildConfigurations = (
				BEE0A1641FBE57C300AA111F /* Debug */,
				BEE0A1651FBE57C300AA111F /* Release */,
			);
			defaultConfigurationIsVisible = 0;
			defaultConfigurationName = Release;
		};
/* End XCConfigurationList section */

/* Begin XCVersionGroup section */
		BE25226A1FC600B300E6B769 /* Podwise.xcdatamodeld */ = {
			isa = XCVersionGroup;
			children = (
				BE25226B1FC600B300E6B769 /* Podwise.xcdatamodel */,
			);
			currentVersion = BE25226B1FC600B300E6B769 /* Podwise.xcdatamodel */;
			path = Podwise.xcdatamodeld;
			sourceTree = "<group>";
			versionGroupType = wrapper.xcdatamodel;
		};
/* End XCVersionGroup section */
	};
	rootObject = BEE0A12B1FBE57C200AA111F /* Project object */;
}
